// !$*UTF8*$!
{
	archiveVersion = 1;
	classes = {
	};
	objectVersion = 56;
	objects = {

/* Begin PBXBuildFile section */
		8241B27B2C1B404E004C6E5C /* AppDelegate.swift in Sources */ = {isa = PBXBuildFile; fileRef = 8241B27A2C1B404E004C6E5C /* AppDelegate.swift */; };
		8241B27D2C1B404E004C6E5C /* SceneDelegate.swift in Sources */ = {isa = PBXBuildFile; fileRef = 8241B27C2C1B404E004C6E5C /* SceneDelegate.swift */; };
		8241B27F2C1B404E004C6E5C /* ViewController.swift in Sources */ = {isa = PBXBuildFile; fileRef = 8241B27E2C1B404E004C6E5C /* ViewController.swift */; };
		8241B2822C1B404E004C6E5C /* Base in Resources */ = {isa = PBXBuildFile; fileRef = 8241B2812C1B404E004C6E5C /* Base */; };
		8241B2852C1B404E004C6E5C /* CoffeeSearchApp.xcdatamodeld in Sources */ = {isa = PBXBuildFile; fileRef = 8241B2832C1B404E004C6E5C /* CoffeeSearchApp.xcdatamodeld */; };
		8241B2872C1B4050004C6E5C /* Assets.xcassets in Resources */ = {isa = PBXBuildFile; fileRef = 8241B2862C1B4050004C6E5C /* Assets.xcassets */; };
		8241B28A2C1B4050004C6E5C /* Base in Resources */ = {isa = PBXBuildFile; fileRef = 8241B2892C1B4050004C6E5C /* Base */; };
		8241B2932C1B40F8004C6E5C /* RxCocoa in Frameworks */ = {isa = PBXBuildFile; productRef = 8241B2922C1B40F8004C6E5C /* RxCocoa */; };
		8241B2952C1B40F8004C6E5C /* RxRelay in Frameworks */ = {isa = PBXBuildFile; productRef = 8241B2942C1B40F8004C6E5C /* RxRelay */; };
		8241B29C2C1B4AB3004C6E5C /* ProductCell.swift in Sources */ = {isa = PBXBuildFile; fileRef = 8241B29B2C1B4AB3004C6E5C /* ProductCell.swift */; };
/* End PBXBuildFile section */

/* Begin PBXFileReference section */
		8241B2772C1B404E004C6E5C /* CoffeeSearchApp.app */ = {isa = PBXFileReference; explicitFileType = wrapper.application; includeInIndex = 0; path = CoffeeSearchApp.app; sourceTree = BUILT_PRODUCTS_DIR; };
		8241B27A2C1B404E004C6E5C /* AppDelegate.swift */ = {isa = PBXFileReference; lastKnownFileType = sourcecode.swift; path = AppDelegate.swift; sourceTree = "<group>"; };
		8241B27C2C1B404E004C6E5C /* SceneDelegate.swift */ = {isa = PBXFileReference; lastKnownFileType = sourcecode.swift; path = SceneDelegate.swift; sourceTree = "<group>"; };
		8241B27E2C1B404E004C6E5C /* ViewController.swift */ = {isa = PBXFileReference; lastKnownFileType = sourcecode.swift; path = ViewController.swift; sourceTree = "<group>"; };
		8241B2812C1B404E004C6E5C /* Base */ = {isa = PBXFileReference; lastKnownFileType = file.storyboard; name = Base; path = Base.lproj/Main.storyboard; sourceTree = "<group>"; };
		8241B2842C1B404E004C6E5C /* CoffeeSearchApp.xcdatamodel */ = {isa = PBXFileReference; lastKnownFileType = wrapper.xcdatamodel; path = CoffeeSearchApp.xcdatamodel; sourceTree = "<group>"; };
		8241B2862C1B4050004C6E5C /* Assets.xcassets */ = {isa = PBXFileReference; lastKnownFileType = folder.assetcatalog; path = Assets.xcassets; sourceTree = "<group>"; };
		8241B2892C1B4050004C6E5C /* Base */ = {isa = PBXFileReference; lastKnownFileType = file.storyboard; name = Base; path = Base.lproj/LaunchScreen.storyboard; sourceTree = "<group>"; };
		8241B28B2C1B4050004C6E5C /* Info.plist */ = {isa = PBXFileReference; lastKnownFileType = text.plist.xml; path = Info.plist; sourceTree = "<group>"; };
		8241B29B2C1B4AB3004C6E5C /* ProductCell.swift */ = {isa = PBXFileReference; lastKnownFileType = sourcecode.swift; path = ProductCell.swift; sourceTree = "<group>"; };
/* End PBXFileReference section */

/* Begin PBXFrameworksBuildPhase section */
		8241B2742C1B404E004C6E5C /* Frameworks */ = {
			isa = PBXFrameworksBuildPhase;
			buildActionMask = 2147483647;
			files = (
				8241B2952C1B40F8004C6E5C /* RxRelay in Frameworks */,
				8241B2932C1B40F8004C6E5C /* RxCocoa in Frameworks */,
			);
			runOnlyForDeploymentPostprocessing = 0;
		};
/* End PBXFrameworksBuildPhase section */

/* Begin PBXGroup section */
		8241B26E2C1B404E004C6E5C = {
			isa = PBXGroup;
			children = (
				8241B2792C1B404E004C6E5C /* CoffeeSearchApp */,
				8241B2782C1B404E004C6E5C /* Products */,
			);
			sourceTree = "<group>";
		};
		8241B2782C1B404E004C6E5C /* Products */ = {
			isa = PBXGroup;
			children = (
				8241B2772C1B404E004C6E5C /* CoffeeSearchApp.app */,
			);
			name = Products;
			sourceTree = "<group>";
		};
		8241B2792C1B404E004C6E5C /* CoffeeSearchApp */ = {
			isa = PBXGroup;
			children = (
				8241B29A2C1B4165004C6E5C /* Other */,
				8241B2992C1B4157004C6E5C /* Utils */,
				8241B2982C1B4152004C6E5C /* Models */,
				8241B2972C1B414B004C6E5C /* ViewModels */,
				8241B2962C1B4143004C6E5C /* Views */,
				8241B28B2C1B4050004C6E5C /* Info.plist */,
				8241B2832C1B404E004C6E5C /* CoffeeSearchApp.xcdatamodeld */,
			);
			path = CoffeeSearchApp;
			sourceTree = "<group>";
		};
		8241B2962C1B4143004C6E5C /* Views */ = {
			isa = PBXGroup;
			children = (
				8241B27E2C1B404E004C6E5C /* ViewController.swift */,
				8241B2802C1B404E004C6E5C /* Main.storyboard */,
				8241B2882C1B4050004C6E5C /* LaunchScreen.storyboard */,
				8241B29B2C1B4AB3004C6E5C /* ProductCell.swift */,
			);
			path = Views;
			sourceTree = "<group>";
		};
		8241B2972C1B414B004C6E5C /* ViewModels */ = {
			isa = PBXGroup;
			children = (
			);
			path = ViewModels;
			sourceTree = "<group>";
		};
		8241B2982C1B4152004C6E5C /* Models */ = {
			isa = PBXGroup;
			children = (
			);
			path = Models;
			sourceTree = "<group>";
		};
		8241B2992C1B4157004C6E5C /* Utils */ = {
			isa = PBXGroup;
			children = (
			);
			path = Utils;
			sourceTree = "<group>";
		};
		8241B29A2C1B4165004C6E5C /* Other */ = {
			isa = PBXGroup;
			children = (
				8241B2862C1B4050004C6E5C /* Assets.xcassets */,
				8241B27A2C1B404E004C6E5C /* AppDelegate.swift */,
				8241B27C2C1B404E004C6E5C /* SceneDelegate.swift */,
			);
			path = Other;
			sourceTree = "<group>";
		};
/* End PBXGroup section */

/* Begin PBXNativeTarget section */
		8241B2762C1B404E004C6E5C /* CoffeeSearchApp */ = {
			isa = PBXNativeTarget;
			buildConfigurationList = 8241B28E2C1B4050004C6E5C /* Build configuration list for PBXNativeTarget "CoffeeSearchApp" */;
			buildPhases = (
				8241B2732C1B404E004C6E5C /* Sources */,
				8241B2742C1B404E004C6E5C /* Frameworks */,
				8241B2752C1B404E004C6E5C /* Resources */,
			);
			buildRules = (
			);
			dependencies = (
			);
			name = CoffeeSearchApp;
			packageProductDependencies = (
				8241B2922C1B40F8004C6E5C /* RxCocoa */,
				8241B2942C1B40F8004C6E5C /* RxRelay */,
			);
			productName = CoffeeSearchApp;
			productReference = 8241B2772C1B404E004C6E5C /* CoffeeSearchApp.app */;
			productType = "com.apple.product-type.application";
		};
/* End PBXNativeTarget section */

/* Begin PBXProject section */
		8241B26F2C1B404E004C6E5C /* Project object */ = {
			isa = PBXProject;
			attributes = {
				BuildIndependentTargetsInParallel = 1;
				LastSwiftUpdateCheck = 1530;
				LastUpgradeCheck = 1530;
				TargetAttributes = {
					8241B2762C1B404E004C6E5C = {
						CreatedOnToolsVersion = 15.3;
					};
				};
			};
			buildConfigurationList = 8241B2722C1B404E004C6E5C /* Build configuration list for PBXProject "CoffeeSearchApp" */;
			compatibilityVersion = "Xcode 14.0";
			developmentRegion = en;
			hasScannedForEncodings = 0;
			knownRegions = (
				en,
				Base,
			);
			mainGroup = 8241B26E2C1B404E004C6E5C;
			packageReferences = (
				8241B2912C1B40F8004C6E5C /* XCRemoteSwiftPackageReference "RxSwift" */,
			);
			productRefGroup = 8241B2782C1B404E004C6E5C /* Products */;
			projectDirPath = "";
			projectRoot = "";
			targets = (
				8241B2762C1B404E004C6E5C /* CoffeeSearchApp */,
			);
		};
/* End PBXProject section */

/* Begin PBXResourcesBuildPhase section */
		8241B2752C1B404E004C6E5C /* Resources */ = {
			isa = PBXResourcesBuildPhase;
			buildActionMask = 2147483647;
			files = (
				8241B2872C1B4050004C6E5C /* Assets.xcassets in Resources */,
				8241B28A2C1B4050004C6E5C /* Base in Resources */,
				8241B2822C1B404E004C6E5C /* Base in Resources */,
			);
			runOnlyForDeploymentPostprocessing = 0;
		};
/* End PBXResourcesBuildPhase section */

/* Begin PBXSourcesBuildPhase section */
		8241B2732C1B404E004C6E5C /* Sources */ = {
			isa = PBXSourcesBuildPhase;
			buildActionMask = 2147483647;
			files = (
				8241B27F2C1B404E004C6E5C /* ViewController.swift in Sources */,
				8241B27B2C1B404E004C6E5C /* AppDelegate.swift in Sources */,
				8241B29C2C1B4AB3004C6E5C /* ProductCell.swift in Sources */,
				8241B27D2C1B404E004C6E5C /* SceneDelegate.swift in Sources */,
				8241B2852C1B404E004C6E5C /* CoffeeSearchApp.xcdatamodeld in Sources */,
			);
			runOnlyForDeploymentPostprocessing = 0;
		};
/* End PBXSourcesBuildPhase section */

/* Begin PBXVariantGroup section */
		8241B2802C1B404E004C6E5C /* Main.storyboard */ = {
			isa = PBXVariantGroup;
			children = (
				8241B2812C1B404E004C6E5C /* Base */,
			);
			name = Main.storyboard;
			sourceTree = "<group>";
		};
		8241B2882C1B4050004C6E5C /* LaunchScreen.storyboard */ = {
			isa = PBXVariantGroup;
			children = (
				8241B2892C1B4050004C6E5C /* Base */,
			);
			name = LaunchScreen.storyboard;
			sourceTree = "<group>";
		};
/* End PBXVariantGroup section */

/* Begin XCBuildConfiguration section */
		8241B28C2C1B4050004C6E5C /* Debug */ = {
			isa = XCBuildConfiguration;
			buildSettings = {
				ALWAYS_SEARCH_USER_PATHS = NO;
				ASSETCATALOG_COMPILER_GENERATE_SWIFT_ASSET_SYMBOL_EXTENSIONS = YES;
				CLANG_ANALYZER_NONNULL = YES;
				CLANG_ANALYZER_NUMBER_OBJECT_CONVERSION = YES_AGGRESSIVE;
				CLANG_CXX_LANGUAGE_STANDARD = "gnu++20";
				CLANG_ENABLE_MODULES = YES;
				CLANG_ENABLE_OBJC_ARC = YES;
				CLANG_ENABLE_OBJC_WEAK = YES;
				CLANG_WARN_BLOCK_CAPTURE_AUTORELEASING = YES;
				CLANG_WARN_BOOL_CONVERSION = YES;
				CLANG_WARN_COMMA = YES;
				CLANG_WARN_CONSTANT_CONVERSION = YES;
				CLANG_WARN_DEPRECATED_OBJC_IMPLEMENTATIONS = YES;
				CLANG_WARN_DIRECT_OBJC_ISA_USAGE = YES_ERROR;
				CLANG_WARN_DOCUMENTATION_COMMENTS = YES;
				CLANG_WARN_EMPTY_BODY = YES;
				CLANG_WARN_ENUM_CONVERSION = YES;
				CLANG_WARN_INFINITE_RECURSION = YES;
				CLANG_WARN_INT_CONVERSION = YES;
				CLANG_WARN_NON_LITERAL_NULL_CONVERSION = YES;
				CLANG_WARN_OBJC_IMPLICIT_RETAIN_SELF = YES;
				CLANG_WARN_OBJC_LITERAL_CONVERSION = YES;
				CLANG_WARN_OBJC_ROOT_CLASS = YES_ERROR;
				CLANG_WARN_QUOTED_INCLUDE_IN_FRAMEWORK_HEADER = YES;
				CLANG_WARN_RANGE_LOOP_ANALYSIS = YES;
				CLANG_WARN_STRICT_PROTOTYPES = YES;
				CLANG_WARN_SUSPICIOUS_MOVE = YES;
				CLANG_WARN_UNGUARDED_AVAILABILITY = YES_AGGRESSIVE;
				CLANG_WARN_UNREACHABLE_CODE = YES;
				CLANG_WARN__DUPLICATE_METHOD_MATCH = YES;
				COPY_PHASE_STRIP = NO;
				DEBUG_INFORMATION_FORMAT = dwarf;
				ENABLE_STRICT_OBJC_MSGSEND = YES;
				ENABLE_TESTABILITY = YES;
				ENABLE_USER_SCRIPT_SANDBOXING = YES;
				GCC_C_LANGUAGE_STANDARD = gnu17;
				GCC_DYNAMIC_NO_PIC = NO;
				GCC_NO_COMMON_BLOCKS = YES;
				GCC_OPTIMIZATION_LEVEL = 0;
				GCC_PREPROCESSOR_DEFINITIONS = (
					"DEBUG=1",
					"$(inherited)",
				);
				GCC_WARN_64_TO_32_BIT_CONVERSION = YES;
				GCC_WARN_ABOUT_RETURN_TYPE = YES_ERROR;
				GCC_WARN_UNDECLARED_SELECTOR = YES;
				GCC_WARN_UNINITIALIZED_AUTOS = YES_AGGRESSIVE;
				GCC_WARN_UNUSED_FUNCTION = YES;
				GCC_WARN_UNUSED_VARIABLE = YES;
				IPHONEOS_DEPLOYMENT_TARGET = 17.4;
				LOCALIZATION_PREFERS_STRING_CATALOGS = YES;
				MTL_ENABLE_DEBUG_INFO = INCLUDE_SOURCE;
				MTL_FAST_MATH = YES;
				ONLY_ACTIVE_ARCH = YES;
				SDKROOT = iphoneos;
				SWIFT_ACTIVE_COMPILATION_CONDITIONS = "DEBUG $(inherited)";
				SWIFT_OPTIMIZATION_LEVEL = "-Onone";
			};
			name = Debug;
		};
		8241B28D2C1B4050004C6E5C /* Release */ = {
			isa = XCBuildConfiguration;
			buildSettings = {
				ALWAYS_SEARCH_USER_PATHS = NO;
				ASSETCATALOG_COMPILER_GENERATE_SWIFT_ASSET_SYMBOL_EXTENSIONS = YES;
				CLANG_ANALYZER_NONNULL = YES;
				CLANG_ANALYZER_NUMBER_OBJECT_CONVERSION = YES_AGGRESSIVE;
				CLANG_CXX_LANGUAGE_STANDARD = "gnu++20";
				CLANG_ENABLE_MODULES = YES;
				CLANG_ENABLE_OBJC_ARC = YES;
				CLANG_ENABLE_OBJC_WEAK = YES;
				CLANG_WARN_BLOCK_CAPTURE_AUTORELEASING = YES;
				CLANG_WARN_BOOL_CONVERSION = YES;
				CLANG_WARN_COMMA = YES;
				CLANG_WARN_CONSTANT_CONVERSION = YES;
				CLANG_WARN_DEPRECATED_OBJC_IMPLEMENTATIONS = YES;
				CLANG_WARN_DIRECT_OBJC_ISA_USAGE = YES_ERROR;
				CLANG_WARN_DOCUMENTATION_COMMENTS = YES;
				CLANG_WARN_EMPTY_BODY = YES;
				CLANG_WARN_ENUM_CONVERSION = YES;
				CLANG_WARN_INFINITE_RECURSION = YES;
				CLANG_WARN_INT_CONVERSION = YES;
				CLANG_WARN_NON_LITERAL_NULL_CONVERSION = YES;
				CLANG_WARN_OBJC_IMPLICIT_RETAIN_SELF = YES;
				CLANG_WARN_OBJC_LITERAL_CONVERSION = YES;
				CLANG_WARN_OBJC_ROOT_CLASS = YES_ERROR;
				CLANG_WARN_QUOTED_INCLUDE_IN_FRAMEWORK_HEADER = YES;
				CLANG_WARN_RANGE_LOOP_ANALYSIS = YES;
				CLANG_WARN_STRICT_PROTOTYPES = YES;
				CLANG_WARN_SUSPICIOUS_MOVE = YES;
				CLANG_WARN_UNGUARDED_AVAILABILITY = YES_AGGRESSIVE;
				CLANG_WARN_UNREACHABLE_CODE = YES;
				CLANG_WARN__DUPLICATE_METHOD_MATCH = YES;
				COPY_PHASE_STRIP = NO;
				DEBUG_INFORMATION_FORMAT = "dwarf-with-dsym";
				ENABLE_NS_ASSERTIONS = NO;
				ENABLE_STRICT_OBJC_MSGSEND = YES;
				ENABLE_USER_SCRIPT_SANDBOXING = YES;
				GCC_C_LANGUAGE_STANDARD = gnu17;
				GCC_NO_COMMON_BLOCKS = YES;
				GCC_WARN_64_TO_32_BIT_CONVERSION = YES;
				GCC_WARN_ABOUT_RETURN_TYPE = YES_ERROR;
				GCC_WARN_UNDECLARED_SELECTOR = YES;
				GCC_WARN_UNINITIALIZED_AUTOS = YES_AGGRESSIVE;
				GCC_WARN_UNUSED_FUNCTION = YES;
				GCC_WARN_UNUSED_VARIABLE = YES;
				IPHONEOS_DEPLOYMENT_TARGET = 17.4;
				LOCALIZATION_PREFERS_STRING_CATALOGS = YES;
				MTL_ENABLE_DEBUG_INFO = NO;
				MTL_FAST_MATH = YES;
				SDKROOT = iphoneos;
				SWIFT_COMPILATION_MODE = wholemodule;
				VALIDATE_PRODUCT = YES;
			};
			name = Release;
		};
		8241B28F2C1B4050004C6E5C /* Debug */ = {
			isa = XCBuildConfiguration;
			buildSettings = {
				ASSETCATALOG_COMPILER_APPICON_NAME = AppIcon;
				ASSETCATALOG_COMPILER_GLOBAL_ACCENT_COLOR_NAME = AccentColor;
				CODE_SIGN_STYLE = Automatic;
				CURRENT_PROJECT_VERSION = 1;
				DEVELOPMENT_TEAM = P4D4ZQC4YF;
				GENERATE_INFOPLIST_FILE = YES;
				INFOPLIST_FILE = CoffeeSearchApp/Info.plist;
				INFOPLIST_KEY_UIApplicationSupportsIndirectInputEvents = YES;
				INFOPLIST_KEY_UILaunchStoryboardName = LaunchScreen;
				INFOPLIST_KEY_UIMainStoryboardFile = Main;
				INFOPLIST_KEY_UISupportedInterfaceOrientations_iPad = "UIInterfaceOrientationPortrait UIInterfaceOrientationPortraitUpsideDown UIInterfaceOrientationLandscapeLeft UIInterfaceOrientationLandscapeRight";
				INFOPLIST_KEY_UISupportedInterfaceOrientations_iPhone = "UIInterfaceOrientationPortrait UIInterfaceOrientationLandscapeLeft UIInterfaceOrientationLandscapeRight";
				LD_RUNPATH_SEARCH_PATHS = (
					"$(inherited)",
					"@executable_path/Frameworks",
				);
				MARKETING_VERSION = 1.0;
				PRODUCT_BUNDLE_IDENTIFIER = test.CoffeeSearchApp;
				PRODUCT_NAME = "$(TARGET_NAME)";
				SWIFT_EMIT_LOC_STRINGS = YES;
				SWIFT_VERSION = 5.0;
				TARGETED_DEVICE_FAMILY = "1,2";
			};
			name = Debug;
		};
		8241B2902C1B4050004C6E5C /* Release */ = {
			isa = XCBuildConfiguration;
			buildSettings = {
				ASSETCATALOG_COMPILER_APPICON_NAME = AppIcon;
				ASSETCATALOG_COMPILER_GLOBAL_ACCENT_COLOR_NAME = AccentColor;
				CODE_SIGN_STYLE = Automatic;
				CURRENT_PROJECT_VERSION = 1;
				DEVELOPMENT_TEAM = P4D4ZQC4YF;
				GENERATE_INFOPLIST_FILE = YES;
				INFOPLIST_FILE = CoffeeSearchApp/Info.plist;
				INFOPLIST_KEY_UIApplicationSupportsIndirectInputEvents = YES;
				INFOPLIST_KEY_UILaunchStoryboardName = LaunchScreen;
				INFOPLIST_KEY_UIMainStoryboardFile = Main;
				INFOPLIST_KEY_UISupportedInterfaceOrientations_iPad = "UIInterfaceOrientationPortrait UIInterfaceOrientationPortraitUpsideDown UIInterfaceOrientationLandscapeLeft UIInterfaceOrientationLandscapeRight";
				INFOPLIST_KEY_UISupportedInterfaceOrientations_iPhone = "UIInterfaceOrientationPortrait UIInterfaceOrientationLandscapeLeft UIInterfaceOrientationLandscapeRight";
				LD_RUNPATH_SEARCH_PATHS = (
					"$(inherited)",
					"@executable_path/Frameworks",
				);
				MARKETING_VERSION = 1.0;
				PRODUCT_BUNDLE_IDENTIFIER = test.CoffeeSearchApp;
				PRODUCT_NAME = "$(TARGET_NAME)";
				SWIFT_EMIT_LOC_STRINGS = YES;
				SWIFT_VERSION = 5.0;
				TARGETED_DEVICE_FAMILY = "1,2";
			};
			name = Release;
		};
/* End XCBuildConfiguration section */

/* Begin XCConfigurationList section */
		8241B2722C1B404E004C6E5C /* Build configuration list for PBXProject "CoffeeSearchApp" */ = {
			isa = XCConfigurationList;
			buildConfigurations = (
				8241B28C2C1B4050004C6E5C /* Debug */,
				8241B28D2C1B4050004C6E5C /* Release */,
			);
			defaultConfigurationIsVisible = 0;
			defaultConfigurationName = Release;
		};
		8241B28E2C1B4050004C6E5C /* Build configuration list for PBXNativeTarget "CoffeeSearchApp" */ = {
			isa = XCConfigurationList;
			buildConfigurations = (
				8241B28F2C1B4050004C6E5C /* Debug */,
				8241B2902C1B4050004C6E5C /* Release */,
			);
			defaultConfigurationIsVisible = 0;
			defaultConfigurationName = Release;
		};
/* End XCConfigurationList section */

/* Begin XCRemoteSwiftPackageReference section */
		8241B2912C1B40F8004C6E5C /* XCRemoteSwiftPackageReference "RxSwift" */ = {
			isa = XCRemoteSwiftPackageReference;
			repositoryURL = "https://github.com/ReactiveX/RxSwift";
			requirement = {
				kind = upToNextMajorVersion;
				minimumVersion = 6.7.1;
			};
		};
/* End XCRemoteSwiftPackageReference section */

/* Begin XCSwiftPackageProductDependency section */
		8241B2922C1B40F8004C6E5C /* RxCocoa */ = {
			isa = XCSwiftPackageProductDependency;
			package = 8241B2912C1B40F8004C6E5C /* XCRemoteSwiftPackageReference "RxSwift" */;
			productName = RxCocoa;
		};
		8241B2942C1B40F8004C6E5C /* RxRelay */ = {
			isa = XCSwiftPackageProductDependency;
			package = 8241B2912C1B40F8004C6E5C /* XCRemoteSwiftPackageReference "RxSwift" */;
			productName = RxRelay;
		};
/* End XCSwiftPackageProductDependency section */

/* Begin XCVersionGroup section */
		8241B2832C1B404E004C6E5C /* CoffeeSearchApp.xcdatamodeld */ = {
			isa = XCVersionGroup;
			children = (
				8241B2842C1B404E004C6E5C /* CoffeeSearchApp.xcdatamodel */,
			);
			currentVersion = 8241B2842C1B404E004C6E5C /* CoffeeSearchApp.xcdatamodel */;
			path = CoffeeSearchApp.xcdatamodeld;
			sourceTree = "<group>";
			versionGroupType = wrapper.xcdatamodel;
		};
/* End XCVersionGroup section */
	};
	rootObject = 8241B26F2C1B404E004C6E5C /* Project object */;
}
