// !$*UTF8*$!
{
	archiveVersion = 1;
	classes = {
	};
	objectVersion = 56;
	objects = {

/* Begin PBXBuildFile section */
		82B283A12C08ED3800EFB14C /* AppDelegate.swift in Sources */ = {isa = PBXBuildFile; fileRef = 82B283A02C08ED3800EFB14C /* AppDelegate.swift */; };
		82B283A32C08ED3800EFB14C /* SceneDelegate.swift in Sources */ = {isa = PBXBuildFile; fileRef = 82B283A22C08ED3800EFB14C /* SceneDelegate.swift */; };
		82B283A52C08ED3800EFB14C /* ViewController.swift in Sources */ = {isa = PBXBuildFile; fileRef = 82B283A42C08ED3800EFB14C /* ViewController.swift */; };
		82B283A82C08ED3800EFB14C /* Base in Resources */ = {isa = PBXBuildFile; fileRef = 82B283A72C08ED3800EFB14C /* Base */; };
		82B283AA2C08ED3A00EFB14C /* Assets.xcassets in Resources */ = {isa = PBXBuildFile; fileRef = 82B283A92C08ED3A00EFB14C /* Assets.xcassets */; };
		82B283AD2C08ED3A00EFB14C /* Base in Resources */ = {isa = PBXBuildFile; fileRef = 82B283AC2C08ED3A00EFB14C /* Base */; };
		FFDA1A3FF5063D0FFD7294A7 /* Pods_LearnRxSwift.framework in Frameworks */ = {isa = PBXBuildFile; fileRef = AC3FB298FB4EF249556FD8A6 /* Pods_LearnRxSwift.framework */; };
/* End PBXBuildFile section */

/* Begin PBXFileReference section */
		03782A28EED95E9DDABA1182 /* Pods-LearnRxSwift.release.xcconfig */ = {isa = PBXFileReference; includeInIndex = 1; lastKnownFileType = text.xcconfig; name = "Pods-LearnRxSwift.release.xcconfig"; path = "Target Support Files/Pods-LearnRxSwift/Pods-LearnRxSwift.release.xcconfig"; sourceTree = "<group>"; };
		73DDA1F0943E2F17C9A417F8 /* Pods-LearnRxSwift.debug.xcconfig */ = {isa = PBXFileReference; includeInIndex = 1; lastKnownFileType = text.xcconfig; name = "Pods-LearnRxSwift.debug.xcconfig"; path = "Target Support Files/Pods-LearnRxSwift/Pods-LearnRxSwift.debug.xcconfig"; sourceTree = "<group>"; };
		820069172C10D08B009FDA6C /* Chapter6-1-toArray.playground */ = {isa = PBXFileReference; lastKnownFileType = file.playground; path = "Chapter6-1-toArray.playground"; sourceTree = "<group>"; xcLanguageSpecificationIdentifier = xcode.lang.swift; };
		820069182C10D22A009FDA6C /* Chapter6-2-map.playground */ = {isa = PBXFileReference; lastKnownFileType = file.playground; path = "Chapter6-2-map.playground"; sourceTree = "<group>"; xcLanguageSpecificationIdentifier = xcode.lang.swift; };
		820069192C10D505009FDA6C /* Chapter6-3-compactMap.playground */ = {isa = PBXFileReference; lastKnownFileType = file.playground; path = "Chapter6-3-compactMap.playground"; sourceTree = "<group>"; xcLanguageSpecificationIdentifier = xcode.lang.swift; };
		8200691A2C10D665009FDA6C /* Chapter6-4-flatMap.playground */ = {isa = PBXFileReference; lastKnownFileType = file.playground; path = "Chapter6-4-flatMap.playground"; sourceTree = "<group>"; xcLanguageSpecificationIdentifier = xcode.lang.swift; };
		8200691B2C10D8D3009FDA6C /* Chapter6-5-flatMapFirst.playground */ = {isa = PBXFileReference; lastKnownFileType = file.playground; path = "Chapter6-5-flatMapFirst.playground"; sourceTree = "<group>"; xcLanguageSpecificationIdentifier = xcode.lang.swift; };
		8200691C2C10DA96009FDA6C /* Chapter6-6-flatMapLatest.playground */ = {isa = PBXFileReference; lastKnownFileType = file.playground; path = "Chapter6-6-flatMapLatest.playground"; sourceTree = "<group>"; xcLanguageSpecificationIdentifier = xcode.lang.swift; };
		820AE6992C14CAEC00A8C505 /* Chapter7-2-concat.playground */ = {isa = PBXFileReference; lastKnownFileType = file.playground; path = "Chapter7-2-concat.playground"; sourceTree = "<group>"; xcLanguageSpecificationIdentifier = xcode.lang.swift; };
		822B9A502C137C1000C3B8FB /* Chapter7-1-startWith.playground */ = {isa = PBXFileReference; lastKnownFileType = file.playground; path = "Chapter7-1-startWith.playground"; sourceTree = "<group>"; xcLanguageSpecificationIdentifier = xcode.lang.swift; };
		824AB2A82C09A80900535F2B /* Observable.playground */ = {isa = PBXFileReference; lastKnownFileType = file.playground; path = Observable.playground; sourceTree = "<group>"; xcLanguageSpecificationIdentifier = xcode.lang.swift; };
		824AB2A92C09AE4000535F2B /* Chapter2-2-Infallible.playground */ = {isa = PBXFileReference; lastKnownFileType = file.playground; path = "Chapter2-2-Infallible.playground"; sourceTree = "<group>"; xcLanguageSpecificationIdentifier = xcode.lang.swift; };
		824AB2AA2C09B02600535F2B /* Chapter2-3-Disposable.playground */ = {isa = PBXFileReference; lastKnownFileType = file.playground; path = "Chapter2-3-Disposable.playground"; sourceTree = "<group>"; xcLanguageSpecificationIdentifier = xcode.lang.swift; };
		824AB2AB2C09B31E00535F2B /* Chapter2-4-Operators.playground */ = {isa = PBXFileReference; lastKnownFileType = file.playground; path = "Chapter2-4-Operators.playground"; sourceTree = "<group>"; xcLanguageSpecificationIdentifier = xcode.lang.swift; };
		825189422C0B8BF80092E8C2 /* Chapter3-1-PublishSubject.playground */ = {isa = PBXFileReference; lastKnownFileType = file.playground; path = "Chapter3-1-PublishSubject.playground"; sourceTree = "<group>"; xcLanguageSpecificationIdentifier = xcode.lang.swift; };
		825189432C0B8FB00092E8C2 /* Chapter3-2-BehaviorSubject.playground */ = {isa = PBXFileReference; lastKnownFileType = file.playground; path = "Chapter3-2-BehaviorSubject.playground"; sourceTree = "<group>"; xcLanguageSpecificationIdentifier = xcode.lang.swift; };
		825189442C0B91C60092E8C2 /* Chapter3-3-ReplaySubject.playground */ = {isa = PBXFileReference; lastKnownFileType = file.playground; path = "Chapter3-3-ReplaySubject.playground"; sourceTree = "<group>"; xcLanguageSpecificationIdentifier = xcode.lang.swift; };
		825189452C0B93870092E8C2 /* Chapter3-4-AsyncSubject.playground */ = {isa = PBXFileReference; lastKnownFileType = file.playground; path = "Chapter3-4-AsyncSubject.playground"; sourceTree = "<group>"; xcLanguageSpecificationIdentifier = xcode.lang.swift; };
		825189462C0B94B40092E8C2 /* Chapter3-5-Relay.playground */ = {isa = PBXFileReference; lastKnownFileType = file.playground; path = "Chapter3-5-Relay.playground"; sourceTree = "<group>"; xcLanguageSpecificationIdentifier = xcode.lang.swift; };
		8255698F2C1154AC00C75E80 /* Chapter6-8-scan.playground */ = {isa = PBXFileReference; lastKnownFileType = file.playground; path = "Chapter6-8-scan.playground"; sourceTree = "<group>"; xcLanguageSpecificationIdentifier = xcode.lang.swift; };
		825569902C1155FB00C75E80 /* Chapter6-9-buffer.playground */ = {isa = PBXFileReference; lastKnownFileType = file.playground; path = "Chapter6-9-buffer.playground"; sourceTree = "<group>"; xcLanguageSpecificationIdentifier = xcode.lang.swift; };
		825569912C11579100C75E80 /* Chapter6-10-window.playground */ = {isa = PBXFileReference; lastKnownFileType = file.playground; path = "Chapter6-10-window.playground"; sourceTree = "<group>"; xcLanguageSpecificationIdentifier = xcode.lang.swift; };
		825569922C115BF400C75E80 /* Chapter6-10-groupBy.playground */ = {isa = PBXFileReference; lastKnownFileType = file.playground; path = "Chapter6-10-groupBy.playground"; sourceTree = "<group>"; xcLanguageSpecificationIdentifier = xcode.lang.swift; };
		82812CE22C0E2F6D0006E108 /* Chapter5-1-IgnoreElements.playground */ = {isa = PBXFileReference; lastKnownFileType = file.playground; path = "Chapter5-1-IgnoreElements.playground"; sourceTree = "<group>"; xcLanguageSpecificationIdentifier = xcode.lang.swift; };
		82812CE32C0E30E00006E108 /* Chapter5-2-elementAt.playground */ = {isa = PBXFileReference; lastKnownFileType = file.playground; path = "Chapter5-2-elementAt.playground"; sourceTree = "<group>"; xcLanguageSpecificationIdentifier = xcode.lang.swift; };
		8291C79E2C0F4E6A00C2B0E3 /* Chapter5-3-filter.playground */ = {isa = PBXFileReference; lastKnownFileType = file.playground; path = "Chapter5-3-filter.playground"; sourceTree = "<group>"; xcLanguageSpecificationIdentifier = xcode.lang.swift; };
		8291C79F2C0F4F2700C2B0E3 /* Chapter5-4-skip.playground */ = {isa = PBXFileReference; lastKnownFileType = file.playground; path = "Chapter5-4-skip.playground"; sourceTree = "<group>"; xcLanguageSpecificationIdentifier = xcode.lang.swift; };
		8291C7A02C0F536600C2B0E3 /* Chapter5-5-take.playground */ = {isa = PBXFileReference; lastKnownFileType = file.playground; path = "Chapter5-5-take.playground"; sourceTree = "<group>"; xcLanguageSpecificationIdentifier = xcode.lang.swift; };
		8291C7A22C0F570300C2B0E3 /* Chapter5-6-single.playground */ = {isa = PBXFileReference; lastKnownFileType = file.playground; path = "Chapter5-6-single.playground"; sourceTree = "<group>"; xcLanguageSpecificationIdentifier = xcode.lang.swift; };
		8291C7A32C0F583100C2B0E3 /* Chapter5-7-distinctUntilChanged.playground */ = {isa = PBXFileReference; lastKnownFileType = file.playground; path = "Chapter5-7-distinctUntilChanged.playground"; sourceTree = "<group>"; xcLanguageSpecificationIdentifier = xcode.lang.swift; };
		8291C7A42C0F5E4D00C2B0E3 /* Chapter5-8-debounce-throttle.playground */ = {isa = PBXFileReference; lastKnownFileType = file.playground; path = "Chapter5-8-debounce-throttle.playground"; sourceTree = "<group>"; xcLanguageSpecificationIdentifier = xcode.lang.swift; };
		82B2839D2C08ED3800EFB14C /* LearnRxSwift.app */ = {isa = PBXFileReference; explicitFileType = wrapper.application; includeInIndex = 0; path = LearnRxSwift.app; sourceTree = BUILT_PRODUCTS_DIR; };
		82B283A02C08ED3800EFB14C /* AppDelegate.swift */ = {isa = PBXFileReference; lastKnownFileType = sourcecode.swift; path = AppDelegate.swift; sourceTree = "<group>"; };
		82B283A22C08ED3800EFB14C /* SceneDelegate.swift */ = {isa = PBXFileReference; lastKnownFileType = sourcecode.swift; path = SceneDelegate.swift; sourceTree = "<group>"; };
		82B283A42C08ED3800EFB14C /* ViewController.swift */ = {isa = PBXFileReference; lastKnownFileType = sourcecode.swift; path = ViewController.swift; sourceTree = "<group>"; };
		82B283A72C08ED3800EFB14C /* Base */ = {isa = PBXFileReference; lastKnownFileType = file.storyboard; name = Base; path = Base.lproj/Main.storyboard; sourceTree = "<group>"; };
		82B283A92C08ED3A00EFB14C /* Assets.xcassets */ = {isa = PBXFileReference; lastKnownFileType = folder.assetcatalog; path = Assets.xcassets; sourceTree = "<group>"; };
		82B283AC2C08ED3A00EFB14C /* Base */ = {isa = PBXFileReference; lastKnownFileType = file.storyboard; name = Base; path = Base.lproj/LaunchScreen.storyboard; sourceTree = "<group>"; };
		82B283AE2C08ED3A00EFB14C /* Info.plist */ = {isa = PBXFileReference; lastKnownFileType = text.plist.xml; path = Info.plist; sourceTree = "<group>"; };
		82B283B62C08F04D00EFB14C /* Chapter1-HelloRxSwift.playground */ = {isa = PBXFileReference; lastKnownFileType = file.playground; path = "Chapter1-HelloRxSwift.playground"; sourceTree = "<group>"; xcLanguageSpecificationIdentifier = xcode.lang.swift; };
		82D8F5B12C0CE12500BF08B0 /* Chapter4-1-just-of-from.playground */ = {isa = PBXFileReference; lastKnownFileType = file.playground; path = "Chapter4-1-just-of-from.playground"; sourceTree = "<group>"; xcLanguageSpecificationIdentifier = xcode.lang.swift; };
		82D8F5B22C0CE39200BF08B0 /* Chapter4-2-Range.playground */ = {isa = PBXFileReference; lastKnownFileType = file.playground; path = "Chapter4-2-Range.playground"; sourceTree = "<group>"; xcLanguageSpecificationIdentifier = xcode.lang.swift; };
		82D8F5B32C0CE55D00BF08B0 /* Chapter4-3-RepeatElement.playground */ = {isa = PBXFileReference; lastKnownFileType = file.playground; path = "Chapter4-3-RepeatElement.playground"; sourceTree = "<group>"; xcLanguageSpecificationIdentifier = xcode.lang.swift; };
		82D8F5B42C0CE60E00BF08B0 /* Chapter4-4-deferred.playground */ = {isa = PBXFileReference; lastKnownFileType = file.playground; path = "Chapter4-4-deferred.playground"; sourceTree = "<group>"; xcLanguageSpecificationIdentifier = xcode.lang.swift; };
		82D8F5B52C0CE7BD00BF08B0 /* Chapter4-5-create.playground */ = {isa = PBXFileReference; lastKnownFileType = file.playground; path = "Chapter4-5-create.playground"; sourceTree = "<group>"; xcLanguageSpecificationIdentifier = xcode.lang.swift; };
		82D8F5B62C0CE9CD00BF08B0 /* Chapter4-6-empty-error.playground */ = {isa = PBXFileReference; lastKnownFileType = file.playground; path = "Chapter4-6-empty-error.playground"; sourceTree = "<group>"; xcLanguageSpecificationIdentifier = xcode.lang.swift; };
		82F760E82C10DE430033F50B /* Chapter6-7-concatMap.playground */ = {isa = PBXFileReference; lastKnownFileType = file.playground; path = "Chapter6-7-concatMap.playground"; sourceTree = "<group>"; xcLanguageSpecificationIdentifier = xcode.lang.swift; };
		AC3FB298FB4EF249556FD8A6 /* Pods_LearnRxSwift.framework */ = {isa = PBXFileReference; explicitFileType = wrapper.framework; includeInIndex = 0; path = Pods_LearnRxSwift.framework; sourceTree = BUILT_PRODUCTS_DIR; };
/* End PBXFileReference section */

/* Begin PBXFrameworksBuildPhase section */
		82B2839A2C08ED3800EFB14C /* Frameworks */ = {
			isa = PBXFrameworksBuildPhase;
			buildActionMask = 2147483647;
			files = (
				FFDA1A3FF5063D0FFD7294A7 /* Pods_LearnRxSwift.framework in Frameworks */,
			);
			runOnlyForDeploymentPostprocessing = 0;
		};
/* End PBXFrameworksBuildPhase section */

/* Begin PBXGroup section */
		44098111C502041D94BEB0FA /* Pods */ = {
			isa = PBXGroup;
			children = (
				73DDA1F0943E2F17C9A417F8 /* Pods-LearnRxSwift.debug.xcconfig */,
				03782A28EED95E9DDABA1182 /* Pods-LearnRxSwift.release.xcconfig */,
			);
			path = Pods;
			sourceTree = "<group>";
		};
		82B283942C08ED3800EFB14C = {
			isa = PBXGroup;
			children = (
				820AE6992C14CAEC00A8C505 /* Chapter7-2-concat.playground */,
				822B9A502C137C1000C3B8FB /* Chapter7-1-startWith.playground */,
				825569922C115BF400C75E80 /* Chapter6-10-groupBy.playground */,
				825569912C11579100C75E80 /* Chapter6-10-window.playground */,
				825569902C1155FB00C75E80 /* Chapter6-9-buffer.playground */,
				8255698F2C1154AC00C75E80 /* Chapter6-8-scan.playground */,
				82F760E82C10DE430033F50B /* Chapter6-7-concatMap.playground */,
				8200691C2C10DA96009FDA6C /* Chapter6-6-flatMapLatest.playground */,
				8200691B2C10D8D3009FDA6C /* Chapter6-5-flatMapFirst.playground */,
				8200691A2C10D665009FDA6C /* Chapter6-4-flatMap.playground */,
				820069192C10D505009FDA6C /* Chapter6-3-compactMap.playground */,
				820069182C10D22A009FDA6C /* Chapter6-2-map.playground */,
				820069172C10D08B009FDA6C /* Chapter6-1-toArray.playground */,
				8291C7A42C0F5E4D00C2B0E3 /* Chapter5-8-debounce-throttle.playground */,
				8291C7A32C0F583100C2B0E3 /* Chapter5-7-distinctUntilChanged.playground */,
				8291C7A22C0F570300C2B0E3 /* Chapter5-6-single.playground */,
				8291C7A02C0F536600C2B0E3 /* Chapter5-5-take.playground */,
				8291C79F2C0F4F2700C2B0E3 /* Chapter5-4-skip.playground */,
				8291C79E2C0F4E6A00C2B0E3 /* Chapter5-3-filter.playground */,
				82812CE32C0E30E00006E108 /* Chapter5-2-elementAt.playground */,
				82812CE22C0E2F6D0006E108 /* Chapter5-1-IgnoreElements.playground */,
				82D8F5B62C0CE9CD00BF08B0 /* Chapter4-6-empty-error.playground */,
				82D8F5B52C0CE7BD00BF08B0 /* Chapter4-5-create.playground */,
				82D8F5B42C0CE60E00BF08B0 /* Chapter4-4-deferred.playground */,
				82D8F5B32C0CE55D00BF08B0 /* Chapter4-3-RepeatElement.playground */,
				82D8F5B22C0CE39200BF08B0 /* Chapter4-2-Range.playground */,
				82D8F5B12C0CE12500BF08B0 /* Chapter4-1-just-of-from.playground */,
				825189462C0B94B40092E8C2 /* Chapter3-5-Relay.playground */,
				825189452C0B93870092E8C2 /* Chapter3-4-AsyncSubject.playground */,
				825189442C0B91C60092E8C2 /* Chapter3-3-ReplaySubject.playground */,
				825189432C0B8FB00092E8C2 /* Chapter3-2-BehaviorSubject.playground */,
				825189422C0B8BF80092E8C2 /* Chapter3-1-PublishSubject.playground */,
				824AB2AB2C09B31E00535F2B /* Chapter2-4-Operators.playground */,
				824AB2AA2C09B02600535F2B /* Chapter2-3-Disposable.playground */,
				824AB2A92C09AE4000535F2B /* Chapter2-2-Infallible.playground */,
				824AB2A82C09A80900535F2B /* Observable.playground */,
				82B283B62C08F04D00EFB14C /* Chapter1-HelloRxSwift.playground */,
				82B2839F2C08ED3800EFB14C /* LearnRxSwift */,
				82B2839E2C08ED3800EFB14C /* Products */,
				44098111C502041D94BEB0FA /* Pods */,
				8BDCC3C7E206EFE758EE5AA9 /* Frameworks */,
			);
			sourceTree = "<group>";
		};
		82B2839E2C08ED3800EFB14C /* Products */ = {
			isa = PBXGroup;
			children = (
				82B2839D2C08ED3800EFB14C /* LearnRxSwift.app */,
			);
			name = Products;
			sourceTree = "<group>";
		};
		82B2839F2C08ED3800EFB14C /* LearnRxSwift */ = {
			isa = PBXGroup;
			children = (
				82B283A02C08ED3800EFB14C /* AppDelegate.swift */,
				82B283A22C08ED3800EFB14C /* SceneDelegate.swift */,
				82B283A42C08ED3800EFB14C /* ViewController.swift */,
				82B283A62C08ED3800EFB14C /* Main.storyboard */,
				82B283A92C08ED3A00EFB14C /* Assets.xcassets */,
				82B283AB2C08ED3A00EFB14C /* LaunchScreen.storyboard */,
				82B283AE2C08ED3A00EFB14C /* Info.plist */,
			);
			path = LearnRxSwift;
			sourceTree = "<group>";
		};
		8BDCC3C7E206EFE758EE5AA9 /* Frameworks */ = {
			isa = PBXGroup;
			children = (
				AC3FB298FB4EF249556FD8A6 /* Pods_LearnRxSwift.framework */,
			);
			name = Frameworks;
			sourceTree = "<group>";
		};
/* End PBXGroup section */

/* Begin PBXNativeTarget section */
		82B2839C2C08ED3800EFB14C /* LearnRxSwift */ = {
			isa = PBXNativeTarget;
			buildConfigurationList = 82B283B12C08ED3A00EFB14C /* Build configuration list for PBXNativeTarget "LearnRxSwift" */;
			buildPhases = (
				5D4DE36C362EE6A6FA72E9FE /* [CP] Check Pods Manifest.lock */,
				82B283992C08ED3800EFB14C /* Sources */,
				82B2839A2C08ED3800EFB14C /* Frameworks */,
				82B2839B2C08ED3800EFB14C /* Resources */,
				1B51C7BA16538EA44AFEF8D1 /* [CP] Embed Pods Frameworks */,
			);
			buildRules = (
			);
			dependencies = (
			);
			name = LearnRxSwift;
			productName = LearnRxSwift;
			productReference = 82B2839D2C08ED3800EFB14C /* LearnRxSwift.app */;
			productType = "com.apple.product-type.application";
		};
/* End PBXNativeTarget section */

/* Begin PBXProject section */
		82B283952C08ED3800EFB14C /* Project object */ = {
			isa = PBXProject;
			attributes = {
				BuildIndependentTargetsInParallel = 1;
				LastSwiftUpdateCheck = 1530;
				LastUpgradeCheck = 1530;
				TargetAttributes = {
					82B2839C2C08ED3800EFB14C = {
						CreatedOnToolsVersion = 15.3;
					};
				};
			};
			buildConfigurationList = 82B283982C08ED3800EFB14C /* Build configuration list for PBXProject "LearnRxSwift" */;
			compatibilityVersion = "Xcode 14.0";
			developmentRegion = en;
			hasScannedForEncodings = 0;
			knownRegions = (
				en,
				Base,
			);
			mainGroup = 82B283942C08ED3800EFB14C;
			productRefGroup = 82B2839E2C08ED3800EFB14C /* Products */;
			projectDirPath = "";
			projectRoot = "";
			targets = (
				82B2839C2C08ED3800EFB14C /* LearnRxSwift */,
			);
		};
/* End PBXProject section */

/* Begin PBXResourcesBuildPhase section */
		82B2839B2C08ED3800EFB14C /* Resources */ = {
			isa = PBXResourcesBuildPhase;
			buildActionMask = 2147483647;
			files = (
				82B283AA2C08ED3A00EFB14C /* Assets.xcassets in Resources */,
				82B283AD2C08ED3A00EFB14C /* Base in Resources */,
				82B283A82C08ED3800EFB14C /* Base in Resources */,
			);
			runOnlyForDeploymentPostprocessing = 0;
		};
/* End PBXResourcesBuildPhase section */

/* Begin PBXShellScriptBuildPhase section */
		1B51C7BA16538EA44AFEF8D1 /* [CP] Embed Pods Frameworks */ = {
			isa = PBXShellScriptBuildPhase;
			buildActionMask = 2147483647;
			files = (
			);
			inputFileListPaths = (
				"${PODS_ROOT}/Target Support Files/Pods-LearnRxSwift/Pods-LearnRxSwift-frameworks-${CONFIGURATION}-input-files.xcfilelist",
			);
			name = "[CP] Embed Pods Frameworks";
			outputFileListPaths = (
				"${PODS_ROOT}/Target Support Files/Pods-LearnRxSwift/Pods-LearnRxSwift-frameworks-${CONFIGURATION}-output-files.xcfilelist",
			);
			runOnlyForDeploymentPostprocessing = 0;
			shellPath = /bin/sh;
			shellScript = "\"${PODS_ROOT}/Target Support Files/Pods-LearnRxSwift/Pods-LearnRxSwift-frameworks.sh\"\n";
			showEnvVarsInLog = 0;
		};
		5D4DE36C362EE6A6FA72E9FE /* [CP] Check Pods Manifest.lock */ = {
			isa = PBXShellScriptBuildPhase;
			buildActionMask = 2147483647;
			files = (
			);
			inputFileListPaths = (
			);
			inputPaths = (
				"${PODS_PODFILE_DIR_PATH}/Podfile.lock",
				"${PODS_ROOT}/Manifest.lock",
			);
			name = "[CP] Check Pods Manifest.lock";
			outputFileListPaths = (
			);
			outputPaths = (
				"$(DERIVED_FILE_DIR)/Pods-LearnRxSwift-checkManifestLockResult.txt",
			);
			runOnlyForDeploymentPostprocessing = 0;
			shellPath = /bin/sh;
			shellScript = "diff \"${PODS_PODFILE_DIR_PATH}/Podfile.lock\" \"${PODS_ROOT}/Manifest.lock\" > /dev/null\nif [ $? != 0 ] ; then\n    # print error to STDERR\n    echo \"error: The sandbox is not in sync with the Podfile.lock. Run 'pod install' or update your CocoaPods installation.\" >&2\n    exit 1\nfi\n# This output is used by Xcode 'outputs' to avoid re-running this script phase.\necho \"SUCCESS\" > \"${SCRIPT_OUTPUT_FILE_0}\"\n";
			showEnvVarsInLog = 0;
		};
/* End PBXShellScriptBuildPhase section */

/* Begin PBXSourcesBuildPhase section */
		82B283992C08ED3800EFB14C /* Sources */ = {
			isa = PBXSourcesBuildPhase;
			buildActionMask = 2147483647;
			files = (
				82B283A52C08ED3800EFB14C /* ViewController.swift in Sources */,
				82B283A12C08ED3800EFB14C /* AppDelegate.swift in Sources */,
				82B283A32C08ED3800EFB14C /* SceneDelegate.swift in Sources */,
			);
			runOnlyForDeploymentPostprocessing = 0;
		};
/* End PBXSourcesBuildPhase section */

/* Begin PBXVariantGroup section */
		82B283A62C08ED3800EFB14C /* Main.storyboard */ = {
			isa = PBXVariantGroup;
			children = (
				82B283A72C08ED3800EFB14C /* Base */,
			);
			name = Main.storyboard;
			sourceTree = "<group>";
		};
		82B283AB2C08ED3A00EFB14C /* LaunchScreen.storyboard */ = {
			isa = PBXVariantGroup;
			children = (
				82B283AC2C08ED3A00EFB14C /* Base */,
			);
			name = LaunchScreen.storyboard;
			sourceTree = "<group>";
		};
/* End PBXVariantGroup section */

/* Begin XCBuildConfiguration section */
		82B283AF2C08ED3A00EFB14C /* Debug */ = {
			isa = XCBuildConfiguration;
			buildSettings = {
				ALWAYS_SEARCH_USER_PATHS = NO;
				ASSETCATALOG_COMPILER_GENERATE_SWIFT_ASSET_SYMBOL_EXTENSIONS = YES;
				CLANG_ANALYZER_NONNULL = YES;
				CLANG_ANALYZER_NUMBER_OBJECT_CONVERSION = YES_AGGRESSIVE;
				CLANG_CXX_LANGUAGE_STANDARD = "gnu++20";
				CLANG_ENABLE_MODULES = YES;
				CLANG_ENABLE_OBJC_ARC = YES;
				CLANG_ENABLE_OBJC_WEAK = YES;
				CLANG_WARN_BLOCK_CAPTURE_AUTORELEASING = YES;
				CLANG_WARN_BOOL_CONVERSION = YES;
				CLANG_WARN_COMMA = YES;
				CLANG_WARN_CONSTANT_CONVERSION = YES;
				CLANG_WARN_DEPRECATED_OBJC_IMPLEMENTATIONS = YES;
				CLANG_WARN_DIRECT_OBJC_ISA_USAGE = YES_ERROR;
				CLANG_WARN_DOCUMENTATION_COMMENTS = YES;
				CLANG_WARN_EMPTY_BODY = YES;
				CLANG_WARN_ENUM_CONVERSION = YES;
				CLANG_WARN_INFINITE_RECURSION = YES;
				CLANG_WARN_INT_CONVERSION = YES;
				CLANG_WARN_NON_LITERAL_NULL_CONVERSION = YES;
				CLANG_WARN_OBJC_IMPLICIT_RETAIN_SELF = YES;
				CLANG_WARN_OBJC_LITERAL_CONVERSION = YES;
				CLANG_WARN_OBJC_ROOT_CLASS = YES_ERROR;
				CLANG_WARN_QUOTED_INCLUDE_IN_FRAMEWORK_HEADER = YES;
				CLANG_WARN_RANGE_LOOP_ANALYSIS = YES;
				CLANG_WARN_STRICT_PROTOTYPES = YES;
				CLANG_WARN_SUSPICIOUS_MOVE = YES;
				CLANG_WARN_UNGUARDED_AVAILABILITY = YES_AGGRESSIVE;
				CLANG_WARN_UNREACHABLE_CODE = YES;
				CLANG_WARN__DUPLICATE_METHOD_MATCH = YES;
				COPY_PHASE_STRIP = NO;
				DEBUG_INFORMATION_FORMAT = dwarf;
				ENABLE_STRICT_OBJC_MSGSEND = YES;
				ENABLE_TESTABILITY = YES;
				ENABLE_USER_SCRIPT_SANDBOXING = YES;
				GCC_C_LANGUAGE_STANDARD = gnu17;
				GCC_DYNAMIC_NO_PIC = NO;
				GCC_NO_COMMON_BLOCKS = YES;
				GCC_OPTIMIZATION_LEVEL = 0;
				GCC_PREPROCESSOR_DEFINITIONS = (
					"DEBUG=1",
					"$(inherited)",
				);
				GCC_WARN_64_TO_32_BIT_CONVERSION = YES;
				GCC_WARN_ABOUT_RETURN_TYPE = YES_ERROR;
				GCC_WARN_UNDECLARED_SELECTOR = YES;
				GCC_WARN_UNINITIALIZED_AUTOS = YES_AGGRESSIVE;
				GCC_WARN_UNUSED_FUNCTION = YES;
				GCC_WARN_UNUSED_VARIABLE = YES;
				IPHONEOS_DEPLOYMENT_TARGET = 17.4;
				LOCALIZATION_PREFERS_STRING_CATALOGS = YES;
				MTL_ENABLE_DEBUG_INFO = INCLUDE_SOURCE;
				MTL_FAST_MATH = YES;
				ONLY_ACTIVE_ARCH = YES;
				SDKROOT = iphoneos;
				SWIFT_ACTIVE_COMPILATION_CONDITIONS = "DEBUG $(inherited)";
				SWIFT_OPTIMIZATION_LEVEL = "-Onone";
			};
			name = Debug;
		};
		82B283B02C08ED3A00EFB14C /* Release */ = {
			isa = XCBuildConfiguration;
			buildSettings = {
				ALWAYS_SEARCH_USER_PATHS = NO;
				ASSETCATALOG_COMPILER_GENERATE_SWIFT_ASSET_SYMBOL_EXTENSIONS = YES;
				CLANG_ANALYZER_NONNULL = YES;
				CLANG_ANALYZER_NUMBER_OBJECT_CONVERSION = YES_AGGRESSIVE;
				CLANG_CXX_LANGUAGE_STANDARD = "gnu++20";
				CLANG_ENABLE_MODULES = YES;
				CLANG_ENABLE_OBJC_ARC = YES;
				CLANG_ENABLE_OBJC_WEAK = YES;
				CLANG_WARN_BLOCK_CAPTURE_AUTORELEASING = YES;
				CLANG_WARN_BOOL_CONVERSION = YES;
				CLANG_WARN_COMMA = YES;
				CLANG_WARN_CONSTANT_CONVERSION = YES;
				CLANG_WARN_DEPRECATED_OBJC_IMPLEMENTATIONS = YES;
				CLANG_WARN_DIRECT_OBJC_ISA_USAGE = YES_ERROR;
				CLANG_WARN_DOCUMENTATION_COMMENTS = YES;
				CLANG_WARN_EMPTY_BODY = YES;
				CLANG_WARN_ENUM_CONVERSION = YES;
				CLANG_WARN_INFINITE_RECURSION = YES;
				CLANG_WARN_INT_CONVERSION = YES;
				CLANG_WARN_NON_LITERAL_NULL_CONVERSION = YES;
				CLANG_WARN_OBJC_IMPLICIT_RETAIN_SELF = YES;
				CLANG_WARN_OBJC_LITERAL_CONVERSION = YES;
				CLANG_WARN_OBJC_ROOT_CLASS = YES_ERROR;
				CLANG_WARN_QUOTED_INCLUDE_IN_FRAMEWORK_HEADER = YES;
				CLANG_WARN_RANGE_LOOP_ANALYSIS = YES;
				CLANG_WARN_STRICT_PROTOTYPES = YES;
				CLANG_WARN_SUSPICIOUS_MOVE = YES;
				CLANG_WARN_UNGUARDED_AVAILABILITY = YES_AGGRESSIVE;
				CLANG_WARN_UNREACHABLE_CODE = YES;
				CLANG_WARN__DUPLICATE_METHOD_MATCH = YES;
				COPY_PHASE_STRIP = NO;
				DEBUG_INFORMATION_FORMAT = "dwarf-with-dsym";
				ENABLE_NS_ASSERTIONS = NO;
				ENABLE_STRICT_OBJC_MSGSEND = YES;
				ENABLE_USER_SCRIPT_SANDBOXING = YES;
				GCC_C_LANGUAGE_STANDARD = gnu17;
				GCC_NO_COMMON_BLOCKS = YES;
				GCC_WARN_64_TO_32_BIT_CONVERSION = YES;
				GCC_WARN_ABOUT_RETURN_TYPE = YES_ERROR;
				GCC_WARN_UNDECLARED_SELECTOR = YES;
				GCC_WARN_UNINITIALIZED_AUTOS = YES_AGGRESSIVE;
				GCC_WARN_UNUSED_FUNCTION = YES;
				GCC_WARN_UNUSED_VARIABLE = YES;
				IPHONEOS_DEPLOYMENT_TARGET = 17.4;
				LOCALIZATION_PREFERS_STRING_CATALOGS = YES;
				MTL_ENABLE_DEBUG_INFO = NO;
				MTL_FAST_MATH = YES;
				SDKROOT = iphoneos;
				SWIFT_COMPILATION_MODE = wholemodule;
				VALIDATE_PRODUCT = YES;
			};
			name = Release;
		};
		82B283B22C08ED3A00EFB14C /* Debug */ = {
			isa = XCBuildConfiguration;
			baseConfigurationReference = 73DDA1F0943E2F17C9A417F8 /* Pods-LearnRxSwift.debug.xcconfig */;
			buildSettings = {
				ASSETCATALOG_COMPILER_APPICON_NAME = AppIcon;
				ASSETCATALOG_COMPILER_GLOBAL_ACCENT_COLOR_NAME = AccentColor;
				CODE_SIGN_STYLE = Automatic;
				CURRENT_PROJECT_VERSION = 1;
				DEVELOPMENT_TEAM = P4D4ZQC4YF;
				ENABLE_USER_SCRIPT_SANDBOXING = NO;
				GENERATE_INFOPLIST_FILE = YES;
				INFOPLIST_FILE = LearnRxSwift/Info.plist;
				INFOPLIST_KEY_UIApplicationSupportsIndirectInputEvents = YES;
				INFOPLIST_KEY_UILaunchStoryboardName = LaunchScreen;
				INFOPLIST_KEY_UIMainStoryboardFile = Main;
				INFOPLIST_KEY_UISupportedInterfaceOrientations_iPad = "UIInterfaceOrientationPortrait UIInterfaceOrientationPortraitUpsideDown UIInterfaceOrientationLandscapeLeft UIInterfaceOrientationLandscapeRight";
				INFOPLIST_KEY_UISupportedInterfaceOrientations_iPhone = "UIInterfaceOrientationPortrait UIInterfaceOrientationLandscapeLeft UIInterfaceOrientationLandscapeRight";
				LD_RUNPATH_SEARCH_PATHS = (
					"$(inherited)",
					"@executable_path/Frameworks",
				);
				MARKETING_VERSION = 1.0;
				PRODUCT_BUNDLE_IDENTIFIER = test.LearnRxSwift;
				PRODUCT_NAME = "$(TARGET_NAME)";
				SWIFT_EMIT_LOC_STRINGS = YES;
				SWIFT_VERSION = 5.0;
				TARGETED_DEVICE_FAMILY = "1,2";
			};
			name = Debug;
		};
		82B283B32C08ED3A00EFB14C /* Release */ = {
			isa = XCBuildConfiguration;
			baseConfigurationReference = 03782A28EED95E9DDABA1182 /* Pods-LearnRxSwift.release.xcconfig */;
			buildSettings = {
				ASSETCATALOG_COMPILER_APPICON_NAME = AppIcon;
				ASSETCATALOG_COMPILER_GLOBAL_ACCENT_COLOR_NAME = AccentColor;
				CODE_SIGN_STYLE = Automatic;
				CURRENT_PROJECT_VERSION = 1;
				DEVELOPMENT_TEAM = P4D4ZQC4YF;
				ENABLE_USER_SCRIPT_SANDBOXING = NO;
				GENERATE_INFOPLIST_FILE = YES;
				INFOPLIST_FILE = LearnRxSwift/Info.plist;
				INFOPLIST_KEY_UIApplicationSupportsIndirectInputEvents = YES;
				INFOPLIST_KEY_UILaunchStoryboardName = LaunchScreen;
				INFOPLIST_KEY_UIMainStoryboardFile = Main;
				INFOPLIST_KEY_UISupportedInterfaceOrientations_iPad = "UIInterfaceOrientationPortrait UIInterfaceOrientationPortraitUpsideDown UIInterfaceOrientationLandscapeLeft UIInterfaceOrientationLandscapeRight";
				INFOPLIST_KEY_UISupportedInterfaceOrientations_iPhone = "UIInterfaceOrientationPortrait UIInterfaceOrientationLandscapeLeft UIInterfaceOrientationLandscapeRight";
				LD_RUNPATH_SEARCH_PATHS = (
					"$(inherited)",
					"@executable_path/Frameworks",
				);
				MARKETING_VERSION = 1.0;
				PRODUCT_BUNDLE_IDENTIFIER = test.LearnRxSwift;
				PRODUCT_NAME = "$(TARGET_NAME)";
				SWIFT_EMIT_LOC_STRINGS = YES;
				SWIFT_VERSION = 5.0;
				TARGETED_DEVICE_FAMILY = "1,2";
			};
			name = Release;
		};
/* End XCBuildConfiguration section */

/* Begin XCConfigurationList section */
		82B283982C08ED3800EFB14C /* Build configuration list for PBXProject "LearnRxSwift" */ = {
			isa = XCConfigurationList;
			buildConfigurations = (
				82B283AF2C08ED3A00EFB14C /* Debug */,
				82B283B02C08ED3A00EFB14C /* Release */,
			);
			defaultConfigurationIsVisible = 0;
			defaultConfigurationName = Release;
		};
		82B283B12C08ED3A00EFB14C /* Build configuration list for PBXNativeTarget "LearnRxSwift" */ = {
			isa = XCConfigurationList;
			buildConfigurations = (
				82B283B22C08ED3A00EFB14C /* Debug */,
				82B283B32C08ED3A00EFB14C /* Release */,
			);
			defaultConfigurationIsVisible = 0;
			defaultConfigurationName = Release;
		};
/* End XCConfigurationList section */
	};
	rootObject = 82B283952C08ED3800EFB14C /* Project object */;
}
