// !$*UTF8*$!
{
	archiveVersion = 1;
	classes = {
	};
	objectVersion = 56;
	objects = {

/* Begin PBXBuildFile section */
		82C88E7F2C1F4A7E00109913 /* AppDelegate.swift in Sources */ = {isa = PBXBuildFile; fileRef = 82C88E7E2C1F4A7E00109913 /* AppDelegate.swift */; };
		82C88E812C1F4A7E00109913 /* SceneDelegate.swift in Sources */ = {isa = PBXBuildFile; fileRef = 82C88E802C1F4A7E00109913 /* SceneDelegate.swift */; };
		82C88E832C1F4A7E00109913 /* ViewController.swift in Sources */ = {isa = PBXBuildFile; fileRef = 82C88E822C1F4A7E00109913 /* ViewController.swift */; };
		82C88E862C1F4A7E00109913 /* Base in Resources */ = {isa = PBXBuildFile; fileRef = 82C88E852C1F4A7E00109913 /* Base */; };
		82C88E882C1F4A8000109913 /* Assets.xcassets in Resources */ = {isa = PBXBuildFile; fileRef = 82C88E872C1F4A8000109913 /* Assets.xcassets */; };
		82C88E8B2C1F4A8000109913 /* Base in Resources */ = {isa = PBXBuildFile; fileRef = 82C88E8A2C1F4A8000109913 /* Base */; };
		82C88E942C1F4AC200109913 /* RxCocoa in Frameworks */ = {isa = PBXBuildFile; productRef = 82C88E932C1F4AC200109913 /* RxCocoa */; };
		82C88E962C1F4AC200109913 /* RxRelay in Frameworks */ = {isa = PBXBuildFile; productRef = 82C88E952C1F4AC200109913 /* RxRelay */; };
		82C88E9C2C1F4D6800109913 /* MemoTableViewCell.swift in Sources */ = {isa = PBXBuildFile; fileRef = 82C88E9B2C1F4D6800109913 /* MemoTableViewCell.swift */; };
		82C88E9E2C1F4DFA00109913 /* MemoStorage.swift in Sources */ = {isa = PBXBuildFile; fileRef = 82C88E9D2C1F4DFA00109913 /* MemoStorage.swift */; };
		82C88EA02C1F4E2200109913 /* Memo.swift in Sources */ = {isa = PBXBuildFile; fileRef = 82C88E9F2C1F4E2200109913 /* Memo.swift */; };
		82C88EA22C1F532D00109913 /* MemoStorageType.swift in Sources */ = {isa = PBXBuildFile; fileRef = 82C88EA12C1F532D00109913 /* MemoStorageType.swift */; };
/* End PBXBuildFile section */

/* Begin PBXFileReference section */
		82C88E7B2C1F4A7E00109913 /* MemoAppPratice.app */ = {isa = PBXFileReference; explicitFileType = wrapper.application; includeInIndex = 0; path = MemoAppPratice.app; sourceTree = BUILT_PRODUCTS_DIR; };
		82C88E7E2C1F4A7E00109913 /* AppDelegate.swift */ = {isa = PBXFileReference; lastKnownFileType = sourcecode.swift; path = AppDelegate.swift; sourceTree = "<group>"; };
		82C88E802C1F4A7E00109913 /* SceneDelegate.swift */ = {isa = PBXFileReference; lastKnownFileType = sourcecode.swift; path = SceneDelegate.swift; sourceTree = "<group>"; };
		82C88E822C1F4A7E00109913 /* ViewController.swift */ = {isa = PBXFileReference; lastKnownFileType = sourcecode.swift; path = ViewController.swift; sourceTree = "<group>"; };
		82C88E852C1F4A7E00109913 /* Base */ = {isa = PBXFileReference; lastKnownFileType = file.storyboard; name = Base; path = Base.lproj/Main.storyboard; sourceTree = "<group>"; };
		82C88E872C1F4A8000109913 /* Assets.xcassets */ = {isa = PBXFileReference; lastKnownFileType = folder.assetcatalog; path = Assets.xcassets; sourceTree = "<group>"; };
		82C88E8A2C1F4A8000109913 /* Base */ = {isa = PBXFileReference; lastKnownFileType = file.storyboard; name = Base; path = Base.lproj/LaunchScreen.storyboard; sourceTree = "<group>"; };
		82C88E8C2C1F4A8000109913 /* Info.plist */ = {isa = PBXFileReference; lastKnownFileType = text.plist.xml; path = Info.plist; sourceTree = "<group>"; };
		82C88E9B2C1F4D6800109913 /* MemoTableViewCell.swift */ = {isa = PBXFileReference; lastKnownFileType = sourcecode.swift; path = MemoTableViewCell.swift; sourceTree = "<group>"; };
		82C88E9D2C1F4DFA00109913 /* MemoStorage.swift */ = {isa = PBXFileReference; lastKnownFileType = sourcecode.swift; path = MemoStorage.swift; sourceTree = "<group>"; };
		82C88E9F2C1F4E2200109913 /* Memo.swift */ = {isa = PBXFileReference; lastKnownFileType = sourcecode.swift; path = Memo.swift; sourceTree = "<group>"; };
		82C88EA12C1F532D00109913 /* MemoStorageType.swift */ = {isa = PBXFileReference; lastKnownFileType = sourcecode.swift; path = MemoStorageType.swift; sourceTree = "<group>"; };
/* End PBXFileReference section */

/* Begin PBXFrameworksBuildPhase section */
		82C88E782C1F4A7E00109913 /* Frameworks */ = {
			isa = PBXFrameworksBuildPhase;
			buildActionMask = 2147483647;
			files = (
				82C88E962C1F4AC200109913 /* RxRelay in Frameworks */,
				82C88E942C1F4AC200109913 /* RxCocoa in Frameworks */,
			);
			runOnlyForDeploymentPostprocessing = 0;
		};
/* End PBXFrameworksBuildPhase section */

/* Begin PBXGroup section */
		82C88E722C1F4A7E00109913 = {
			isa = PBXGroup;
			children = (
				82C88E7D2C1F4A7E00109913 /* MemoAppPratice */,
				82C88E7C2C1F4A7E00109913 /* Products */,
			);
			sourceTree = "<group>";
		};
		82C88E7C2C1F4A7E00109913 /* Products */ = {
			isa = PBXGroup;
			children = (
				82C88E7B2C1F4A7E00109913 /* MemoAppPratice.app */,
			);
			name = Products;
			sourceTree = "<group>";
		};
		82C88E7D2C1F4A7E00109913 /* MemoAppPratice */ = {
			isa = PBXGroup;
			children = (
				82C88E9A2C1F4B0100109913 /* Services */,
				82C88E992C1F4AFB00109913 /* Models */,
				82C88E982C1F4AF500109913 /* ViewModels */,
				82C88E972C1F4AEE00109913 /* Views */,
				82C88E7E2C1F4A7E00109913 /* AppDelegate.swift */,
				82C88E802C1F4A7E00109913 /* SceneDelegate.swift */,
				82C88E822C1F4A7E00109913 /* ViewController.swift */,
				82C88E842C1F4A7E00109913 /* Main.storyboard */,
				82C88E872C1F4A8000109913 /* Assets.xcassets */,
				82C88E892C1F4A8000109913 /* LaunchScreen.storyboard */,
				82C88E8C2C1F4A8000109913 /* Info.plist */,
			);
			path = MemoAppPratice;
			sourceTree = "<group>";
		};
		82C88E972C1F4AEE00109913 /* Views */ = {
			isa = PBXGroup;
			children = (
				82C88E9B2C1F4D6800109913 /* MemoTableViewCell.swift */,
			);
			path = Views;
			sourceTree = "<group>";
		};
		82C88E982C1F4AF500109913 /* ViewModels */ = {
			isa = PBXGroup;
			children = (
			);
			path = ViewModels;
			sourceTree = "<group>";
		};
		82C88E992C1F4AFB00109913 /* Models */ = {
			isa = PBXGroup;
			children = (
				82C88E9F2C1F4E2200109913 /* Memo.swift */,
			);
			path = Models;
			sourceTree = "<group>";
		};
		82C88E9A2C1F4B0100109913 /* Services */ = {
			isa = PBXGroup;
			children = (
				82C88E9D2C1F4DFA00109913 /* MemoStorage.swift */,
				82C88EA12C1F532D00109913 /* MemoStorageType.swift */,
			);
			path = Services;
			sourceTree = "<group>";
		};
/* End PBXGroup section */

/* Begin PBXNativeTarget section */
		82C88E7A2C1F4A7E00109913 /* MemoAppPratice */ = {
			isa = PBXNativeTarget;
			buildConfigurationList = 82C88E8F2C1F4A8000109913 /* Build configuration list for PBXNativeTarget "MemoAppPratice" */;
			buildPhases = (
				82C88E772C1F4A7E00109913 /* Sources */,
				82C88E782C1F4A7E00109913 /* Frameworks */,
				82C88E792C1F4A7E00109913 /* Resources */,
			);
			buildRules = (
			);
			dependencies = (
			);
			name = MemoAppPratice;
			packageProductDependencies = (
				82C88E932C1F4AC200109913 /* RxCocoa */,
				82C88E952C1F4AC200109913 /* RxRelay */,
			);
			productName = MemoAppPratice;
			productReference = 82C88E7B2C1F4A7E00109913 /* MemoAppPratice.app */;
			productType = "com.apple.product-type.application";
		};
/* End PBXNativeTarget section */

/* Begin PBXProject section */
		82C88E732C1F4A7E00109913 /* Project object */ = {
			isa = PBXProject;
			attributes = {
				BuildIndependentTargetsInParallel = 1;
				LastSwiftUpdateCheck = 1530;
				LastUpgradeCheck = 1530;
				TargetAttributes = {
					82C88E7A2C1F4A7E00109913 = {
						CreatedOnToolsVersion = 15.3;
					};
				};
			};
			buildConfigurationList = 82C88E762C1F4A7E00109913 /* Build configuration list for PBXProject "MemoAppPratice" */;
			compatibilityVersion = "Xcode 14.0";
			developmentRegion = en;
			hasScannedForEncodings = 0;
			knownRegions = (
				en,
				Base,
			);
			mainGroup = 82C88E722C1F4A7E00109913;
			packageReferences = (
				82C88E922C1F4AC200109913 /* XCRemoteSwiftPackageReference "RxSwift" */,
			);
			productRefGroup = 82C88E7C2C1F4A7E00109913 /* Products */;
			projectDirPath = "";
			projectRoot = "";
			targets = (
				82C88E7A2C1F4A7E00109913 /* MemoAppPratice */,
			);
		};
/* End PBXProject section */

/* Begin PBXResourcesBuildPhase section */
		82C88E792C1F4A7E00109913 /* Resources */ = {
			isa = PBXResourcesBuildPhase;
			buildActionMask = 2147483647;
			files = (
				82C88E882C1F4A8000109913 /* Assets.xcassets in Resources */,
				82C88E8B2C1F4A8000109913 /* Base in Resources */,
				82C88E862C1F4A7E00109913 /* Base in Resources */,
			);
			runOnlyForDeploymentPostprocessing = 0;
		};
/* End PBXResourcesBuildPhase section */

/* Begin PBXSourcesBuildPhase section */
		82C88E772C1F4A7E00109913 /* Sources */ = {
			isa = PBXSourcesBuildPhase;
			buildActionMask = 2147483647;
			files = (
				82C88E832C1F4A7E00109913 /* ViewController.swift in Sources */,
				82C88EA22C1F532D00109913 /* MemoStorageType.swift in Sources */,
				82C88E9E2C1F4DFA00109913 /* MemoStorage.swift in Sources */,
				82C88E7F2C1F4A7E00109913 /* AppDelegate.swift in Sources */,
				82C88EA02C1F4E2200109913 /* Memo.swift in Sources */,
				82C88E812C1F4A7E00109913 /* SceneDelegate.swift in Sources */,
				82C88E9C2C1F4D6800109913 /* MemoTableViewCell.swift in Sources */,
			);
			runOnlyForDeploymentPostprocessing = 0;
		};
/* End PBXSourcesBuildPhase section */

/* Begin PBXVariantGroup section */
		82C88E842C1F4A7E00109913 /* Main.storyboard */ = {
			isa = PBXVariantGroup;
			children = (
				82C88E852C1F4A7E00109913 /* Base */,
			);
			name = Main.storyboard;
			sourceTree = "<group>";
		};
		82C88E892C1F4A8000109913 /* LaunchScreen.storyboard */ = {
			isa = PBXVariantGroup;
			children = (
				82C88E8A2C1F4A8000109913 /* Base */,
			);
			name = LaunchScreen.storyboard;
			sourceTree = "<group>";
		};
/* End PBXVariantGroup section */

/* Begin XCBuildConfiguration section */
		82C88E8D2C1F4A8000109913 /* Debug */ = {
			isa = XCBuildConfiguration;
			buildSettings = {
				ALWAYS_SEARCH_USER_PATHS = NO;
				ASSETCATALOG_COMPILER_GENERATE_SWIFT_ASSET_SYMBOL_EXTENSIONS = YES;
				CLANG_ANALYZER_NONNULL = YES;
				CLANG_ANALYZER_NUMBER_OBJECT_CONVERSION = YES_AGGRESSIVE;
				CLANG_CXX_LANGUAGE_STANDARD = "gnu++20";
				CLANG_ENABLE_MODULES = YES;
				CLANG_ENABLE_OBJC_ARC = YES;
				CLANG_ENABLE_OBJC_WEAK = YES;
				CLANG_WARN_BLOCK_CAPTURE_AUTORELEASING = YES;
				CLANG_WARN_BOOL_CONVERSION = YES;
				CLANG_WARN_COMMA = YES;
				CLANG_WARN_CONSTANT_CONVERSION = YES;
				CLANG_WARN_DEPRECATED_OBJC_IMPLEMENTATIONS = YES;
				CLANG_WARN_DIRECT_OBJC_ISA_USAGE = YES_ERROR;
				CLANG_WARN_DOCUMENTATION_COMMENTS = YES;
				CLANG_WARN_EMPTY_BODY = YES;
				CLANG_WARN_ENUM_CONVERSION = YES;
				CLANG_WARN_INFINITE_RECURSION = YES;
				CLANG_WARN_INT_CONVERSION = YES;
				CLANG_WARN_NON_LITERAL_NULL_CONVERSION = YES;
				CLANG_WARN_OBJC_IMPLICIT_RETAIN_SELF = YES;
				CLANG_WARN_OBJC_LITERAL_CONVERSION = YES;
				CLANG_WARN_OBJC_ROOT_CLASS = YES_ERROR;
				CLANG_WARN_QUOTED_INCLUDE_IN_FRAMEWORK_HEADER = YES;
				CLANG_WARN_RANGE_LOOP_ANALYSIS = YES;
				CLANG_WARN_STRICT_PROTOTYPES = YES;
				CLANG_WARN_SUSPICIOUS_MOVE = YES;
				CLANG_WARN_UNGUARDED_AVAILABILITY = YES_AGGRESSIVE;
				CLANG_WARN_UNREACHABLE_CODE = YES;
				CLANG_WARN__DUPLICATE_METHOD_MATCH = YES;
				COPY_PHASE_STRIP = NO;
				DEBUG_INFORMATION_FORMAT = dwarf;
				ENABLE_STRICT_OBJC_MSGSEND = YES;
				ENABLE_TESTABILITY = YES;
				ENABLE_USER_SCRIPT_SANDBOXING = YES;
				GCC_C_LANGUAGE_STANDARD = gnu17;
				GCC_DYNAMIC_NO_PIC = NO;
				GCC_NO_COMMON_BLOCKS = YES;
				GCC_OPTIMIZATION_LEVEL = 0;
				GCC_PREPROCESSOR_DEFINITIONS = (
					"DEBUG=1",
					"$(inherited)",
				);
				GCC_WARN_64_TO_32_BIT_CONVERSION = YES;
				GCC_WARN_ABOUT_RETURN_TYPE = YES_ERROR;
				GCC_WARN_UNDECLARED_SELECTOR = YES;
				GCC_WARN_UNINITIALIZED_AUTOS = YES_AGGRESSIVE;
				GCC_WARN_UNUSED_FUNCTION = YES;
				GCC_WARN_UNUSED_VARIABLE = YES;
				IPHONEOS_DEPLOYMENT_TARGET = 17.4;
				LOCALIZATION_PREFERS_STRING_CATALOGS = YES;
				MTL_ENABLE_DEBUG_INFO = INCLUDE_SOURCE;
				MTL_FAST_MATH = YES;
				ONLY_ACTIVE_ARCH = YES;
				SDKROOT = iphoneos;
				SWIFT_ACTIVE_COMPILATION_CONDITIONS = "DEBUG $(inherited)";
				SWIFT_OPTIMIZATION_LEVEL = "-Onone";
			};
			name = Debug;
		};
		82C88E8E2C1F4A8000109913 /* Release */ = {
			isa = XCBuildConfiguration;
			buildSettings = {
				ALWAYS_SEARCH_USER_PATHS = NO;
				ASSETCATALOG_COMPILER_GENERATE_SWIFT_ASSET_SYMBOL_EXTENSIONS = YES;
				CLANG_ANALYZER_NONNULL = YES;
				CLANG_ANALYZER_NUMBER_OBJECT_CONVERSION = YES_AGGRESSIVE;
				CLANG_CXX_LANGUAGE_STANDARD = "gnu++20";
				CLANG_ENABLE_MODULES = YES;
				CLANG_ENABLE_OBJC_ARC = YES;
				CLANG_ENABLE_OBJC_WEAK = YES;
				CLANG_WARN_BLOCK_CAPTURE_AUTORELEASING = YES;
				CLANG_WARN_BOOL_CONVERSION = YES;
				CLANG_WARN_COMMA = YES;
				CLANG_WARN_CONSTANT_CONVERSION = YES;
				CLANG_WARN_DEPRECATED_OBJC_IMPLEMENTATIONS = YES;
				CLANG_WARN_DIRECT_OBJC_ISA_USAGE = YES_ERROR;
				CLANG_WARN_DOCUMENTATION_COMMENTS = YES;
				CLANG_WARN_EMPTY_BODY = YES;
				CLANG_WARN_ENUM_CONVERSION = YES;
				CLANG_WARN_INFINITE_RECURSION = YES;
				CLANG_WARN_INT_CONVERSION = YES;
				CLANG_WARN_NON_LITERAL_NULL_CONVERSION = YES;
				CLANG_WARN_OBJC_IMPLICIT_RETAIN_SELF = YES;
				CLANG_WARN_OBJC_LITERAL_CONVERSION = YES;
				CLANG_WARN_OBJC_ROOT_CLASS = YES_ERROR;
				CLANG_WARN_QUOTED_INCLUDE_IN_FRAMEWORK_HEADER = YES;
				CLANG_WARN_RANGE_LOOP_ANALYSIS = YES;
				CLANG_WARN_STRICT_PROTOTYPES = YES;
				CLANG_WARN_SUSPICIOUS_MOVE = YES;
				CLANG_WARN_UNGUARDED_AVAILABILITY = YES_AGGRESSIVE;
				CLANG_WARN_UNREACHABLE_CODE = YES;
				CLANG_WARN__DUPLICATE_METHOD_MATCH = YES;
				COPY_PHASE_STRIP = NO;
				DEBUG_INFORMATION_FORMAT = "dwarf-with-dsym";
				ENABLE_NS_ASSERTIONS = NO;
				ENABLE_STRICT_OBJC_MSGSEND = YES;
				ENABLE_USER_SCRIPT_SANDBOXING = YES;
				GCC_C_LANGUAGE_STANDARD = gnu17;
				GCC_NO_COMMON_BLOCKS = YES;
				GCC_WARN_64_TO_32_BIT_CONVERSION = YES;
				GCC_WARN_ABOUT_RETURN_TYPE = YES_ERROR;
				GCC_WARN_UNDECLARED_SELECTOR = YES;
				GCC_WARN_UNINITIALIZED_AUTOS = YES_AGGRESSIVE;
				GCC_WARN_UNUSED_FUNCTION = YES;
				GCC_WARN_UNUSED_VARIABLE = YES;
				IPHONEOS_DEPLOYMENT_TARGET = 17.4;
				LOCALIZATION_PREFERS_STRING_CATALOGS = YES;
				MTL_ENABLE_DEBUG_INFO = NO;
				MTL_FAST_MATH = YES;
				SDKROOT = iphoneos;
				SWIFT_COMPILATION_MODE = wholemodule;
				VALIDATE_PRODUCT = YES;
			};
			name = Release;
		};
		82C88E902C1F4A8000109913 /* Debug */ = {
			isa = XCBuildConfiguration;
			buildSettings = {
				ASSETCATALOG_COMPILER_APPICON_NAME = AppIcon;
				ASSETCATALOG_COMPILER_GLOBAL_ACCENT_COLOR_NAME = AccentColor;
				CODE_SIGN_STYLE = Automatic;
				CURRENT_PROJECT_VERSION = 1;
				DEVELOPMENT_TEAM = P4D4ZQC4YF;
				GENERATE_INFOPLIST_FILE = YES;
				INFOPLIST_FILE = MemoAppPratice/Info.plist;
				INFOPLIST_KEY_UIApplicationSupportsIndirectInputEvents = YES;
				INFOPLIST_KEY_UILaunchStoryboardName = LaunchScreen;
				INFOPLIST_KEY_UIMainStoryboardFile = Main;
				INFOPLIST_KEY_UISupportedInterfaceOrientations_iPad = "UIInterfaceOrientationPortrait UIInterfaceOrientationPortraitUpsideDown UIInterfaceOrientationLandscapeLeft UIInterfaceOrientationLandscapeRight";
				INFOPLIST_KEY_UISupportedInterfaceOrientations_iPhone = "UIInterfaceOrientationPortrait UIInterfaceOrientationLandscapeLeft UIInterfaceOrientationLandscapeRight";
				LD_RUNPATH_SEARCH_PATHS = (
					"$(inherited)",
					"@executable_path/Frameworks",
				);
				MARKETING_VERSION = 1.0;
				PRODUCT_BUNDLE_IDENTIFIER = test.MemoAppPratice;
				PRODUCT_NAME = "$(TARGET_NAME)";
				SWIFT_EMIT_LOC_STRINGS = YES;
				SWIFT_VERSION = 5.0;
				TARGETED_DEVICE_FAMILY = "1,2";
			};
			name = Debug;
		};
		82C88E912C1F4A8000109913 /* Release */ = {
			isa = XCBuildConfiguration;
			buildSettings = {
				ASSETCATALOG_COMPILER_APPICON_NAME = AppIcon;
				ASSETCATALOG_COMPILER_GLOBAL_ACCENT_COLOR_NAME = AccentColor;
				CODE_SIGN_STYLE = Automatic;
				CURRENT_PROJECT_VERSION = 1;
				DEVELOPMENT_TEAM = P4D4ZQC4YF;
				GENERATE_INFOPLIST_FILE = YES;
				INFOPLIST_FILE = MemoAppPratice/Info.plist;
				INFOPLIST_KEY_UIApplicationSupportsIndirectInputEvents = YES;
				INFOPLIST_KEY_UILaunchStoryboardName = LaunchScreen;
				INFOPLIST_KEY_UIMainStoryboardFile = Main;
				INFOPLIST_KEY_UISupportedInterfaceOrientations_iPad = "UIInterfaceOrientationPortrait UIInterfaceOrientationPortraitUpsideDown UIInterfaceOrientationLandscapeLeft UIInterfaceOrientationLandscapeRight";
				INFOPLIST_KEY_UISupportedInterfaceOrientations_iPhone = "UIInterfaceOrientationPortrait UIInterfaceOrientationLandscapeLeft UIInterfaceOrientationLandscapeRight";
				LD_RUNPATH_SEARCH_PATHS = (
					"$(inherited)",
					"@executable_path/Frameworks",
				);
				MARKETING_VERSION = 1.0;
				PRODUCT_BUNDLE_IDENTIFIER = test.MemoAppPratice;
				PRODUCT_NAME = "$(TARGET_NAME)";
				SWIFT_EMIT_LOC_STRINGS = YES;
				SWIFT_VERSION = 5.0;
				TARGETED_DEVICE_FAMILY = "1,2";
			};
			name = Release;
		};
/* End XCBuildConfiguration section */

/* Begin XCConfigurationList section */
		82C88E762C1F4A7E00109913 /* Build configuration list for PBXProject "MemoAppPratice" */ = {
			isa = XCConfigurationList;
			buildConfigurations = (
				82C88E8D2C1F4A8000109913 /* Debug */,
				82C88E8E2C1F4A8000109913 /* Release */,
			);
			defaultConfigurationIsVisible = 0;
			defaultConfigurationName = Release;
		};
		82C88E8F2C1F4A8000109913 /* Build configuration list for PBXNativeTarget "MemoAppPratice" */ = {
			isa = XCConfigurationList;
			buildConfigurations = (
				82C88E902C1F4A8000109913 /* Debug */,
				82C88E912C1F4A8000109913 /* Release */,
			);
			defaultConfigurationIsVisible = 0;
			defaultConfigurationName = Release;
		};
/* End XCConfigurationList section */

/* Begin XCRemoteSwiftPackageReference section */
		82C88E922C1F4AC200109913 /* XCRemoteSwiftPackageReference "RxSwift" */ = {
			isa = XCRemoteSwiftPackageReference;
			repositoryURL = "https://github.com/ReactiveX/RxSwift";
			requirement = {
				kind = upToNextMajorVersion;
				minimumVersion = 6.7.1;
			};
		};
/* End XCRemoteSwiftPackageReference section */

/* Begin XCSwiftPackageProductDependency section */
		82C88E932C1F4AC200109913 /* RxCocoa */ = {
			isa = XCSwiftPackageProductDependency;
			package = 82C88E922C1F4AC200109913 /* XCRemoteSwiftPackageReference "RxSwift" */;
			productName = RxCocoa;
		};
		82C88E952C1F4AC200109913 /* RxRelay */ = {
			isa = XCSwiftPackageProductDependency;
			package = 82C88E922C1F4AC200109913 /* XCRemoteSwiftPackageReference "RxSwift" */;
			productName = RxRelay;
		};
/* End XCSwiftPackageProductDependency section */
	};
	rootObject = 82C88E732C1F4A7E00109913 /* Project object */;
}
